
Microsoft Visual Studio Solution File, Format Version 12.00
# Visual Studio Version 16
VisualStudioVersion = 16.0.30523.141
MinimumVisualStudioVersion = 10.0.40219.1
Project("{9A19103F-16F7-4668-BE54-9A1E7A4F7556}") = "nested_webgrid", "table with ajax\nested_webgrid.csproj", "{CBBADB4F-B8F6-4547-BC1A-0BBC6A50BB12}"
EndProject
Global
	GlobalSection(SolutionConfigurationPlatforms) = preSolution
		Debug|Any CPU = Debug|Any CPU
		Release|Any CPU = Release|Any CPU
	EndGlobalSection
	GlobalSection(ProjectConfigurationPlatforms) = postSolution
		{CBBADB4F-B8F6-4547-BC1A-0BBC6A50BB12}.Debug|Any CPU.ActiveCfg = Debug|Any CPU
		{CBBADB4F-B8F6-4547-BC1A-0BBC6A50BB12}.Debug|Any CPU.Build.0 = Debug|Any CPU
		{CBBADB4F-B8F6-4547-BC1A-0BBC6A50BB12}.Release|Any CPU.ActiveCfg = Release|Any CPU
		{CBBADB4F-B8F6-4547-BC1A-0BBC6A50BB12}.Release|Any CPU.Build.0 = Release|Any CPU
	EndGlobalSection
	GlobalSection(SolutionProperties) = preSolution
		HideSolutionNode = FALSE
	EndGlobalSection
	GlobalSection(ExtensibilityGlobals) = postSolution
		SolutionGuid = {793E6B8B-67A0-4BA0-B435-2B2F332F6869}
	EndGlobalSection
EndGlobal
